
Microsoft Visual Studio Solution File, Format Version 12.00
Project("{2150E333-8FDC-42A3-9474-1A3956D46DE8}") = "SolutionItems", "SolutionItems", "{AD98FAC7-AE29-4AD2-B34A-5C524376C804}"
	ProjectSection(SolutionItems) = preProject
		.editorconfig = .editorconfig
		.gitattributes = .gitattributes
		.gitignore = .gitignore
		Directory.Build.props = Directory.Build.props
		LICENSE = LICENSE
		README.md = README.md
		Rules.ruleset = Rules.ruleset
		CHANGELOG.md = CHANGELOG.md
		nuget.config = nuget.config
		PackPackages.ps1 = PackPackages.ps1
	EndProjectSection
EndProject
Project("{2150E333-8FDC-42A3-9474-1A3956D46DE8}") = "src", "src", "{3DA8FA83-7B0C-4DCB-A62C-E3C3A74B7C71}"
EndProject
Project("{2150E333-8FDC-42A3-9474-1A3956D46DE8}") = "tests", "tests", "{8CF0A092-053F-4093-B536-F50D8F234B54}"
EndProject
Project("{FAE04EC0-301F-11D3-BF4B-00C04F79EFBC}") = "Dusharp.SourceGenerator", "src\Dusharp.SourceGenerator\Dusharp.SourceGenerator.csproj", "{6BE4037C-B7AB-4863-BB5F-F097E85BDD70}"
EndProject
Project("{FAE04EC0-301F-11D3-BF4B-00C04F79EFBC}") = "Dusharp.Tests", "tests\Dusharp.Tests\Dusharp.Tests.csproj", "{467C00F7-E35B-4183-9DE8-23F3A49BF5A4}"
EndProject
Project("{FAE04EC0-301F-11D3-BF4B-00C04F79EFBC}") = "Dusharp.Common", "src\Dusharp.Common\Dusharp.Common.csproj", "{E944ED86-1555-43FA-84E9-358966E70202}"
EndProject
Project("{FAE04EC0-301F-11D3-BF4B-00C04F79EFBC}") = "Dusharp.SourceGenerator.Tests", "tests\Dusharp.SourceGenerator.Tests\Dusharp.SourceGenerator.Tests.csproj", "{B1D00BFA-C05B-457B-B6EA-11C6E07D45DC}"
EndProject
Project("{FAE04EC0-301F-11D3-BF4B-00C04F79EFBC}") = "Dusharp.Benchmarks", "tests\Dusharp.Benchmarks\Dusharp.Benchmarks.csproj", "{4D7E785C-F596-4206-9910-50014869897E}"
EndProject
Project("{2150E333-8FDC-42A3-9474-1A3956D46DE8}") = "Json", "Json", "{C1C133C5-2B3C-4FC3-8CB5-320657D600ED}"
EndProject
Project("{FAE04EC0-301F-11D3-BF4B-00C04F79EFBC}") = "Dusharp.Json", "src\Dusharp.Json\Dusharp.Json.csproj", "{A1B5E88A-B953-4173-A5FE-8C69F7FB11DD}"
EndProject
Project("{FAE04EC0-301F-11D3-BF4B-00C04F79EFBC}") = "Dusharp.Json.Common", "src\Dusharp.Json.Common\Dusharp.Json.Common.csproj", "{242150C4-A610-4924-87C3-4DCCD5E01C92}"
EndProject
Project("{FAE04EC0-301F-11D3-BF4B-00C04F79EFBC}") = "Dusharp.SourceGenerator.Common", "src\Dusharp.SourceGenerator.Common\Dusharp.SourceGenerator.Common.csproj", "{70D613E8-204D-472F-9A33-E580582AD2ED}"
EndProject
Project("{2150E333-8FDC-42A3-9474-1A3956D46DE8}") = "Newtonsoft", "Newtonsoft", "{0B9F9CA7-FF8D-4D3A-97BA-2EC9336FFAA8}"
EndProject
Project("{FAE04EC0-301F-11D3-BF4B-00C04F79EFBC}") = "Dusharp.Newtonsoft", "src\Dusharp.Newtonsoft\Dusharp.Newtonsoft.csproj", "{16404C31-799F-42CF-92C1-F44C33C60472}"
EndProject
Global
	GlobalSection(SolutionConfigurationPlatforms) = preSolution
		Debug|Any CPU = Debug|Any CPU
		Release|Any CPU = Release|Any CPU
	EndGlobalSection
	GlobalSection(ProjectConfigurationPlatforms) = postSolution
		{6BE4037C-B7AB-4863-BB5F-F097E85BDD70}.Debug|Any CPU.ActiveCfg = Debug|Any CPU
		{6BE4037C-B7AB-4863-BB5F-F097E85BDD70}.Debug|Any CPU.Build.0 = Debug|Any CPU
		{6BE4037C-B7AB-4863-BB5F-F097E85BDD70}.Release|Any CPU.ActiveCfg = Release|Any CPU
		{6BE4037C-B7AB-4863-BB5F-F097E85BDD70}.Release|Any CPU.Build.0 = Release|Any CPU
		{467C00F7-E35B-4183-9DE8-23F3A49BF5A4}.Debug|Any CPU.ActiveCfg = Debug|Any CPU
		{467C00F7-E35B-4183-9DE8-23F3A49BF5A4}.Debug|Any CPU.Build.0 = Debug|Any CPU
		{467C00F7-E35B-4183-9DE8-23F3A49BF5A4}.Release|Any CPU.ActiveCfg = Release|Any CPU
		{467C00F7-E35B-4183-9DE8-23F3A49BF5A4}.Release|Any CPU.Build.0 = Release|Any CPU
		{E944ED86-1555-43FA-84E9-358966E70202}.Debug|Any CPU.ActiveCfg = Debug|Any CPU
		{E944ED86-1555-43FA-84E9-358966E70202}.Debug|Any CPU.Build.0 = Debug|Any CPU
		{E944ED86-1555-43FA-84E9-358966E70202}.Release|Any CPU.ActiveCfg = Release|Any CPU
		{E944ED86-1555-43FA-84E9-358966E70202}.Release|Any CPU.Build.0 = Release|Any CPU
		{B1D00BFA-C05B-457B-B6EA-11C6E07D45DC}.Debug|Any CPU.ActiveCfg = Debug|Any CPU
		{B1D00BFA-C05B-457B-B6EA-11C6E07D45DC}.Debug|Any CPU.Build.0 = Debug|Any CPU
		{B1D00BFA-C05B-457B-B6EA-11C6E07D45DC}.Release|Any CPU.ActiveCfg = Release|Any CPU
		{B1D00BFA-C05B-457B-B6EA-11C6E07D45DC}.Release|Any CPU.Build.0 = Release|Any CPU
		{4D7E785C-F596-4206-9910-50014869897E}.Debug|Any CPU.ActiveCfg = Debug|Any CPU
		{4D7E785C-F596-4206-9910-50014869897E}.Debug|Any CPU.Build.0 = Debug|Any CPU
		{4D7E785C-F596-4206-9910-50014869897E}.Release|Any CPU.ActiveCfg = Release|Any CPU
		{4D7E785C-F596-4206-9910-50014869897E}.Release|Any CPU.Build.0 = Release|Any CPU
		{A1B5E88A-B953-4173-A5FE-8C69F7FB11DD}.Debug|Any CPU.ActiveCfg = Debug|Any CPU
		{A1B5E88A-B953-4173-A5FE-8C69F7FB11DD}.Debug|Any CPU.Build.0 = Debug|Any CPU
		{A1B5E88A-B953-4173-A5FE-8C69F7FB11DD}.Release|Any CPU.ActiveCfg = Release|Any CPU
		{A1B5E88A-B953-4173-A5FE-8C69F7FB11DD}.Release|Any CPU.Build.0 = Release|Any CPU
		{242150C4-A610-4924-87C3-4DCCD5E01C92}.Debug|Any CPU.ActiveCfg = Debug|Any CPU
		{242150C4-A610-4924-87C3-4DCCD5E01C92}.Debug|Any CPU.Build.0 = Debug|Any CPU
		{242150C4-A610-4924-87C3-4DCCD5E01C92}.Release|Any CPU.ActiveCfg = Release|Any CPU
		{242150C4-A610-4924-87C3-4DCCD5E01C92}.Release|Any CPU.Build.0 = Release|Any CPU
		{70D613E8-204D-472F-9A33-E580582AD2ED}.Debug|Any CPU.ActiveCfg = Debug|Any CPU
		{70D613E8-204D-472F-9A33-E580582AD2ED}.Debug|Any CPU.Build.0 = Debug|Any CPU
		{70D613E8-204D-472F-9A33-E580582AD2ED}.Release|Any CPU.ActiveCfg = Release|Any CPU
		{70D613E8-204D-472F-9A33-E580582AD2ED}.Release|Any CPU.Build.0 = Release|Any CPU
		{16404C31-799F-42CF-92C1-F44C33C60472}.Debug|Any CPU.ActiveCfg = Debug|Any CPU
		{16404C31-799F-42CF-92C1-F44C33C60472}.Debug|Any CPU.Build.0 = Debug|Any CPU
		{16404C31-799F-42CF-92C1-F44C33C60472}.Release|Any CPU.ActiveCfg = Release|Any CPU
		{16404C31-799F-42CF-92C1-F44C33C60472}.Release|Any CPU.Build.0 = Release|Any CPU
	EndGlobalSection
	GlobalSection(NestedProjects) = preSolution
		{6BE4037C-B7AB-4863-BB5F-F097E85BDD70} = {3DA8FA83-7B0C-4DCB-A62C-E3C3A74B7C71}
		{467C00F7-E35B-4183-9DE8-23F3A49BF5A4} = {8CF0A092-053F-4093-B536-F50D8F234B54}
		{E944ED86-1555-43FA-84E9-358966E70202} = {3DA8FA83-7B0C-4DCB-A62C-E3C3A74B7C71}
		{B1D00BFA-C05B-457B-B6EA-11C6E07D45DC} = {8CF0A092-053F-4093-B536-F50D8F234B54}
		{4D7E785C-F596-4206-9910-50014869897E} = {8CF0A092-053F-4093-B536-F50D8F234B54}
		{C1C133C5-2B3C-4FC3-8CB5-320657D600ED} = {3DA8FA83-7B0C-4DCB-A62C-E3C3A74B7C71}
		{A1B5E88A-B953-4173-A5FE-8C69F7FB11DD} = {C1C133C5-2B3C-4FC3-8CB5-320657D600ED}
		{242150C4-A610-4924-87C3-4DCCD5E01C92} = {C1C133C5-2B3C-4FC3-8CB5-320657D600ED}
		{70D613E8-204D-472F-9A33-E580582AD2ED} = {3DA8FA83-7B0C-4DCB-A62C-E3C3A74B7C71}
		{0B9F9CA7-FF8D-4D3A-97BA-2EC9336FFAA8} = {3DA8FA83-7B0C-4DCB-A62C-E3C3A74B7C71}
		{16404C31-799F-42CF-92C1-F44C33C60472} = {0B9F9CA7-FF8D-4D3A-97BA-2EC9336FFAA8}
	EndGlobalSection
EndGlobal
